
Microsoft Visual Studio Solution File, Format Version 12.00
Project("{FAE04EC0-301F-11D3-BF4B-00C04F79EFBC}") = "MediumWebApiScalarSample", "MediumWebApiScalarSample\MediumWebApiScalarSample.csproj", "{DEBBF95E-3489-43E6-9C00-A3A053336B39}"
EndProject
Global
	GlobalSection(SolutionConfigurationPlatforms) = preSolution
		Debug|Any CPU = Debug|Any CPU
		Release|Any CPU = Release|Any CPU
	EndGlobalSection
	GlobalSection(ProjectConfigurationPlatforms) = postSolution
		{DEBBF95E-3489-43E6-9C00-A3A053336B39}.Debug|Any CPU.ActiveCfg = Debug|Any CPU
		{DEBBF95E-3489-43E6-9C00-A3A053336B39}.Debug|Any CPU.Build.0 = Debug|Any CPU
		{DEBBF95E-3489-43E6-9C00-A3A053336B39}.Release|Any CPU.ActiveCfg = Release|Any CPU
		{DEBBF95E-3489-43E6-9C00-A3A053336B39}.Release|Any CPU.Build.0 = Release|Any CPU
	EndGlobalSection
EndGlobal
